
Microsoft Visual Studio Solution File, Format Version 12.00
# Visual Studio Version 16
VisualStudioVersion = 16.0.30204.135
MinimumVisualStudioVersion = 10.0.40219.1
Project("{FAE04EC0-301F-11D3-BF4B-00C04F79EFBC}") = "Bubblealgo", "Bubblealgo\Bubblealgo.csproj", "{0A1D5B62-0C94-4745-971E-26B0F62CD67E}"
EndProject
Global
	GlobalSection(SolutionConfigurationPlatforms) = preSolution
		Debug|Any CPU = Debug|Any CPU
		Release|Any CPU = Release|Any CPU
	EndGlobalSection
	GlobalSection(ProjectConfigurationPlatforms) = postSolution
		{0A1D5B62-0C94-4745-971E-26B0F62CD67E}.Debug|Any CPU.ActiveCfg = Debug|Any CPU
		{0A1D5B62-0C94-4745-971E-26B0F62CD67E}.Debug|Any CPU.Build.0 = Debug|Any CPU
		{0A1D5B62-0C94-4745-971E-26B0F62CD67E}.Release|Any CPU.ActiveCfg = Release|Any CPU
		{0A1D5B62-0C94-4745-971E-26B0F62CD67E}.Release|Any CPU.Build.0 = Release|Any CPU
	EndGlobalSection
	GlobalSection(SolutionProperties) = preSolution
		HideSolutionNode = FALSE
	EndGlobalSection
	GlobalSection(ExtensibilityGlobals) = postSolution
		SolutionGuid = {A326ACC1-CBE8-4625-8F38-4DBA34DBD8D6}
	EndGlobalSection
EndGlobal
